
Microsoft Visual Studio Solution File, Format Version 12.00
# Visual Studio Version 16
VisualStudioVersion = 16.0.28803.452
MinimumVisualStudioVersion = 10.0.40219.1
Project("{FAE04EC0-301F-11D3-BF4B-00C04F79EFBC}") = "MultipleModalBinder", "MultipleModalBinder\MultipleModalBinder.csproj", "{F84E4582-FE05-4488-96BC-F134673E15B9}"
EndProject
Global
	GlobalSection(SolutionConfigurationPlatforms) = preSolution
		Debug|Any CPU = Debug|Any CPU
		Release|Any CPU = Release|Any CPU
	EndGlobalSection
	GlobalSection(ProjectConfigurationPlatforms) = postSolution
		{F84E4582-FE05-4488-96BC-F134673E15B9}.Debug|Any CPU.ActiveCfg = Debug|Any CPU
		{F84E4582-FE05-4488-96BC-F134673E15B9}.Debug|Any CPU.Build.0 = Debug|Any CPU
		{F84E4582-FE05-4488-96BC-F134673E15B9}.Release|Any CPU.ActiveCfg = Release|Any CPU
		{F84E4582-FE05-4488-96BC-F134673E15B9}.Release|Any CPU.Build.0 = Release|Any CPU
	EndGlobalSection
	GlobalSection(SolutionProperties) = preSolution
		HideSolutionNode = FALSE
	EndGlobalSection
	GlobalSection(ExtensibilityGlobals) = postSolution
		SolutionGuid = {CBCB1E8E-88CA-49C5-9EE1-2040E550D0C2}
	EndGlobalSection
EndGlobal
